
Microsoft Visual Studio Solution File, Format Version 12.00
# Visual Studio Version 17
VisualStudioVersion = 17.0.31912.275
MinimumVisualStudioVersion = 10.0.40219.1
Project("{9A19103F-16F7-4668-BE54-9A1E7A4F7556}") = "Framework", "Framework\Framework.csproj", "{CEF9E651-4898-4BD7-A9D6-981DA66D86E1}"
EndProject
Project("{FAE04EC0-301F-11D3-BF4B-00C04F79EFBC}") = "OpenEdge", "OpenEdge\OpenEdge.csproj", "{6A0B85C9-EA3B-493F-BC86-99E80E98CF43}"
EndProject
Project("{FAE04EC0-301F-11D3-BF4B-00C04F79EFBC}") = "Tests", "Tests\Tests.csproj", "{EBED98B8-BECF-49BE-98A5-3931CC316D6E}"
EndProject
Global
	GlobalSection(SolutionConfigurationPlatforms) = preSolution
		Debug|Any CPU = Debug|Any CPU
		Release|Any CPU = Release|Any CPU
	EndGlobalSection
	GlobalSection(ProjectConfigurationPlatforms) = postSolution
		{CEF9E651-4898-4BD7-A9D6-981DA66D86E1}.Debug|Any CPU.ActiveCfg = Debug|Any CPU
		{CEF9E651-4898-4BD7-A9D6-981DA66D86E1}.Debug|Any CPU.Build.0 = Debug|Any CPU
		{CEF9E651-4898-4BD7-A9D6-981DA66D86E1}.Release|Any CPU.ActiveCfg = Release|Any CPU
		{CEF9E651-4898-4BD7-A9D6-981DA66D86E1}.Release|Any CPU.Build.0 = Release|Any CPU
		{6A0B85C9-EA3B-493F-BC86-99E80E98CF43}.Debug|Any CPU.ActiveCfg = Debug|Any CPU
		{6A0B85C9-EA3B-493F-BC86-99E80E98CF43}.Debug|Any CPU.Build.0 = Debug|Any CPU
		{6A0B85C9-EA3B-493F-BC86-99E80E98CF43}.Release|Any CPU.ActiveCfg = Release|Any CPU
		{6A0B85C9-EA3B-493F-BC86-99E80E98CF43}.Release|Any CPU.Build.0 = Release|Any CPU
		{EBED98B8-BECF-49BE-98A5-3931CC316D6E}.Debug|Any CPU.ActiveCfg = Debug|Any CPU
		{EBED98B8-BECF-49BE-98A5-3931CC316D6E}.Debug|Any CPU.Build.0 = Debug|Any CPU
		{EBED98B8-BECF-49BE-98A5-3931CC316D6E}.Release|Any CPU.ActiveCfg = Release|Any CPU
		{EBED98B8-BECF-49BE-98A5-3931CC316D6E}.Release|Any CPU.Build.0 = Release|Any CPU
	EndGlobalSection
	GlobalSection(SolutionProperties) = preSolution
		HideSolutionNode = FALSE
	EndGlobalSection
	GlobalSection(ExtensibilityGlobals) = postSolution
		SolutionGuid = {7E9BB787-5779-47E8-B8E4-D1DF74114CA6}
	EndGlobalSection
EndGlobal
